// !$*UTF8*$!
{
	archiveVersion = 1;
	classes = {
	};
	objectVersion = 50;
	objects = {

/* Begin PBXBuildFile section */
		F027AF522192A4EA004F71D1 /* main.cpp in Sources */ = {isa = PBXBuildFile; fileRef = F027AF512192A4EA004F71D1 /* main.cpp */; };
		F027AF5A2192A532004F71D1 /* DatalogProgram.cpp in Sources */ = {isa = PBXBuildFile; fileRef = F027AF582192A532004F71D1 /* DatalogProgram.cpp */; };
		F027AF5D2192A557004F71D1 /* Predicate.cpp in Sources */ = {isa = PBXBuildFile; fileRef = F027AF5B2192A557004F71D1 /* Predicate.cpp */; };
		F027AF602192A573004F71D1 /* Scanner.cpp in Sources */ = {isa = PBXBuildFile; fileRef = F027AF5E2192A573004F71D1 /* Scanner.cpp */; };
/* End PBXBuildFile section */

/* Begin PBXCopyFilesBuildPhase section */
		F027AF4C2192A4EA004F71D1 /* CopyFiles */ = {
			isa = PBXCopyFilesBuildPhase;
			buildActionMask = 2147483647;
			dstPath = /usr/share/man/man1/;
			dstSubfolderSpec = 0;
			files = (
			);
			runOnlyForDeploymentPostprocessing = 1;
		};
/* End PBXCopyFilesBuildPhase section */

/* Begin PBXFileReference section */
		F027AF4E2192A4EA004F71D1 /* DatalogInterpreter */ = {isa = PBXFileReference; explicitFileType = "compiled.mach-o.executable"; includeInIndex = 0; path = DatalogInterpreter; sourceTree = BUILT_PRODUCTS_DIR; };
		F027AF512192A4EA004F71D1 /* main.cpp */ = {isa = PBXFileReference; lastKnownFileType = sourcecode.cpp.cpp; path = main.cpp; sourceTree = "<group>"; };
		F027AF582192A532004F71D1 /* DatalogProgram.cpp */ = {isa = PBXFileReference; lastKnownFileType = sourcecode.cpp.cpp; path = DatalogProgram.cpp; sourceTree = "<group>"; };
		F027AF592192A532004F71D1 /* DatalogProgram.h */ = {isa = PBXFileReference; lastKnownFileType = sourcecode.c.h; path = DatalogProgram.h; sourceTree = "<group>"; };
		F027AF5B2192A557004F71D1 /* Predicate.cpp */ = {isa = PBXFileReference; lastKnownFileType = sourcecode.cpp.cpp; path = Predicate.cpp; sourceTree = "<group>"; };
		F027AF5C2192A557004F71D1 /* Predicate.h */ = {isa = PBXFileReference; lastKnownFileType = sourcecode.c.h; path = Predicate.h; sourceTree = "<group>"; };
		F027AF5E2192A573004F71D1 /* Scanner.cpp */ = {isa = PBXFileReference; lastKnownFileType = sourcecode.cpp.cpp; path = Scanner.cpp; sourceTree = "<group>"; };
		F027AF5F2192A573004F71D1 /* Scanner.h */ = {isa = PBXFileReference; lastKnownFileType = sourcecode.c.h; path = Scanner.h; sourceTree = "<group>"; };
		F027AF612192A597004F71D1 /* Checker.h */ = {isa = PBXFileReference; lastKnownFileType = sourcecode.c.h; path = Checker.h; sourceTree = "<group>"; };
		F027AF622192A5A1004F71D1 /* Rule.h */ = {isa = PBXFileReference; lastKnownFileType = sourcecode.c.h; path = Rule.h; sourceTree = "<group>"; };
		F027AF632192A5AB004F71D1 /* Token.h */ = {isa = PBXFileReference; lastKnownFileType = sourcecode.c.h; path = Token.h; sourceTree = "<group>"; };
		F027AF642192A5B9004F71D1 /* Parameter.h */ = {isa = PBXFileReference; lastKnownFileType = sourcecode.c.h; path = Parameter.h; sourceTree = "<group>"; };
		F027AF652192A5CB004F71D1 /* Tuple.h */ = {isa = PBXFileReference; lastKnownFileType = sourcecode.c.h; path = Tuple.h; sourceTree = "<group>"; };
		F027AF662192A5D7004F71D1 /* Header.h */ = {isa = PBXFileReference; lastKnownFileType = sourcecode.c.h; path = Header.h; sourceTree = "<group>"; };
		F027AF672192A5EE004F71D1 /* Database.h */ = {isa = PBXFileReference; lastKnownFileType = sourcecode.c.h; path = Database.h; sourceTree = "<group>"; };
		F027AF682192A5FB004F71D1 /* Interpreter.h */ = {isa = PBXFileReference; lastKnownFileType = sourcecode.c.h; path = Interpreter.h; sourceTree = "<group>"; };
		F027AF692192A605004F71D1 /* Relation.h */ = {isa = PBXFileReference; lastKnownFileType = sourcecode.c.h; path = Relation.h; sourceTree = "<group>"; };
		F027AF6A2192A611004F71D1 /* Expressions.h */ = {isa = PBXFileReference; lastKnownFileType = sourcecode.c.h; path = Expressions.h; sourceTree = "<group>"; };
/* End PBXFileReference section */

/* Begin PBXFrameworksBuildPhase section */
		F027AF4B2192A4EA004F71D1 /* Frameworks */ = {
			isa = PBXFrameworksBuildPhase;
			buildActionMask = 2147483647;
			files = (
			);
			runOnlyForDeploymentPostprocessing = 0;
		};
/* End PBXFrameworksBuildPhase section */

/* Begin PBXGroup section */
		F027AF452192A4EA004F71D1 = {
			isa = PBXGroup;
			children = (
				F027AF502192A4EA004F71D1 /* DatalogInterpreter */,
				F027AF4F2192A4EA004F71D1 /* Products */,
			);
			sourceTree = "<group>";
		};
		F027AF4F2192A4EA004F71D1 /* Products */ = {
			isa = PBXGroup;
			children = (
				F027AF4E2192A4EA004F71D1 /* DatalogInterpreter */,
			);
			name = Products;
			sourceTree = "<group>";
		};
		F027AF502192A4EA004F71D1 /* DatalogInterpreter */ = {
			isa = PBXGroup;
			children = (
				F027AF512192A4EA004F71D1 /* main.cpp */,
				F027AF582192A532004F71D1 /* DatalogProgram.cpp */,
				F027AF592192A532004F71D1 /* DatalogProgram.h */,
				F027AF5B2192A557004F71D1 /* Predicate.cpp */,
				F027AF5C2192A557004F71D1 /* Predicate.h */,
				F027AF612192A597004F71D1 /* Checker.h */,
				F027AF622192A5A1004F71D1 /* Rule.h */,
				F027AF5E2192A573004F71D1 /* Scanner.cpp */,
				F027AF632192A5AB004F71D1 /* Token.h */,
				F027AF642192A5B9004F71D1 /* Parameter.h */,
				F027AF652192A5CB004F71D1 /* Tuple.h */,
				F027AF662192A5D7004F71D1 /* Header.h */,
				F027AF672192A5EE004F71D1 /* Database.h */,
				F027AF682192A5FB004F71D1 /* Interpreter.h */,
				F027AF692192A605004F71D1 /* Relation.h */,
				F027AF6A2192A611004F71D1 /* Expressions.h */,
				F027AF5F2192A573004F71D1 /* Scanner.h */,
			);
			path = DatalogInterpreter;
			sourceTree = "<group>";
		};
/* End PBXGroup section */

/* Begin PBXNativeTarget section */
		F027AF4D2192A4EA004F71D1 /* DatalogInterpreter */ = {
			isa = PBXNativeTarget;
			buildConfigurationList = F027AF552192A4EA004F71D1 /* Build configuration list for PBXNativeTarget "DatalogInterpreter" */;
			buildPhases = (
				F027AF4A2192A4EA004F71D1 /* Sources */,
				F027AF4B2192A4EA004F71D1 /* Frameworks */,
				F027AF4C2192A4EA004F71D1 /* CopyFiles */,
			);
			buildRules = (
			);
			dependencies = (
			);
			name = DatalogInterpreter;
			productName = DatalogInterpreter;
			productReference = F027AF4E2192A4EA004F71D1 /* DatalogInterpreter */;
			productType = "com.apple.product-type.tool";
		};
/* End PBXNativeTarget section */

/* Begin PBXProject section */
		F027AF462192A4EA004F71D1 /* Project object */ = {
			isa = PBXProject;
			attributes = {
				LastUpgradeCheck = 1000;
				ORGANIZATIONNAME = "Ellie Van De Graaff";
				TargetAttributes = {
					F027AF4D2192A4EA004F71D1 = {
						CreatedOnToolsVersion = 10.0;
					};
				};
			};
			buildConfigurationList = F027AF492192A4EA004F71D1 /* Build configuration list for PBXProject "DatalogInterpreter" */;
			compatibilityVersion = "Xcode 9.3";
			developmentRegion = en;
			hasScannedForEncodings = 0;
			knownRegions = (
				en,
			);
			mainGroup = F027AF452192A4EA004F71D1;
			productRefGroup = F027AF4F2192A4EA004F71D1 /* Products */;
			projectDirPath = "";
			projectRoot = "";
			targets = (
				F027AF4D2192A4EA004F71D1 /* DatalogInterpreter */,
			);
		};
/* End PBXProject section */

/* Begin PBXSourcesBuildPhase section */
		F027AF4A2192A4EA004F71D1 /* Sources */ = {
			isa = PBXSourcesBuildPhase;
			buildActionMask = 2147483647;
			files = (
				F027AF522192A4EA004F71D1 /* main.cpp in Sources */,
				F027AF5D2192A557004F71D1 /* Predicate.cpp in Sources */,
				F027AF602192A573004F71D1 /* Scanner.cpp in Sources */,
				F027AF5A2192A532004F71D1 /* DatalogProgram.cpp in Sources */,
			);
			runOnlyForDeploymentPostprocessing = 0;
		};
/* End PBXSourcesBuildPhase section */

/* Begin XCBuildConfiguration section */
		F027AF532192A4EA004F71D1 /* Debug */ = {
			isa = XCBuildConfiguration;
			buildSettings = {
				ALWAYS_SEARCH_USER_PATHS = NO;
				CLANG_ANALYZER_NONNULL = YES;
				CLANG_ANALYZER_NUMBER_OBJECT_CONVERSION = YES_AGGRESSIVE;
				CLANG_CXX_LANGUAGE_STANDARD = "gnu++14";
				CLANG_CXX_LIBRARY = "libc++";
				CLANG_ENABLE_MODULES = YES;
				CLANG_ENABLE_OBJC_ARC = YES;
				CLANG_ENABLE_OBJC_WEAK = YES;
				CLANG_WARN_BLOCK_CAPTURE_AUTORELEASING = YES;
				CLANG_WARN_BOOL_CONVERSION = YES;
				CLANG_WARN_COMMA = YES;
				CLANG_WARN_CONSTANT_CONVERSION = YES;
				CLANG_WARN_DEPRECATED_OBJC_IMPLEMENTATIONS = YES;
				CLANG_WARN_DIRECT_OBJC_ISA_USAGE = YES_ERROR;
				CLANG_WARN_DOCUMENTATION_COMMENTS = YES;
				CLANG_WARN_EMPTY_BODY = YES;
				CLANG_WARN_ENUM_CONVERSION = YES;
				CLANG_WARN_INFINITE_RECURSION = YES;
				CLANG_WARN_INT_CONVERSION = YES;
				CLANG_WARN_NON_LITERAL_NULL_CONVERSION = YES;
				CLANG_WARN_OBJC_IMPLICIT_RETAIN_SELF = YES;
				CLANG_WARN_OBJC_LITERAL_CONVERSION = YES;
				CLANG_WARN_OBJC_ROOT_CLASS = YES_ERROR;
				CLANG_WARN_RANGE_LOOP_ANALYSIS = YES;
				CLANG_WARN_STRICT_PROTOTYPES = YES;
				CLANG_WARN_SUSPICIOUS_MOVE = YES;
				CLANG_WARN_UNGUARDED_AVAILABILITY = YES_AGGRESSIVE;
				CLANG_WARN_UNREACHABLE_CODE = YES;
				CLANG_WARN__DUPLICATE_METHOD_MATCH = YES;
				CODE_SIGN_IDENTITY = "-";
				COPY_PHASE_STRIP = NO;
				DEBUG_INFORMATION_FORMAT = dwarf;
				ENABLE_STRICT_OBJC_MSGSEND = YES;
				ENABLE_TESTABILITY = YES;
				GCC_C_LANGUAGE_STANDARD = gnu11;
				GCC_DYNAMIC_NO_PIC = NO;
				GCC_NO_COMMON_BLOCKS = YES;
				GCC_OPTIMIZATION_LEVEL = 0;
				GCC_PREPROCESSOR_DEFINITIONS = (
					"DEBUG=1",
					"$(inherited)",
				);
				GCC_WARN_64_TO_32_BIT_CONVERSION = YES;
				GCC_WARN_ABOUT_RETURN_TYPE = YES_ERROR;
				GCC_WARN_UNDECLARED_SELECTOR = YES;
				GCC_WARN_UNINITIALIZED_AUTOS = YES_AGGRESSIVE;
				GCC_WARN_UNUSED_FUNCTION = YES;
				GCC_WARN_UNUSED_VARIABLE = YES;
				MACOSX_DEPLOYMENT_TARGET = 10.13;
				MTL_ENABLE_DEBUG_INFO = INCLUDE_SOURCE;
				MTL_FAST_MATH = YES;
				ONLY_ACTIVE_ARCH = YES;
				SDKROOT = macosx;
			};
			name = Debug;
		};
		F027AF542192A4EA004F71D1 /* Release */ = {
			isa = XCBuildConfiguration;
			buildSettings = {
				ALWAYS_SEARCH_USER_PATHS = NO;
				CLANG_ANALYZER_NONNULL = YES;
				CLANG_ANALYZER_NUMBER_OBJECT_CONVERSION = YES_AGGRESSIVE;
				CLANG_CXX_LANGUAGE_STANDARD = "gnu++14";
				CLANG_CXX_LIBRARY = "libc++";
				CLANG_ENABLE_MODULES = YES;
				CLANG_ENABLE_OBJC_ARC = YES;
				CLANG_ENABLE_OBJC_WEAK = YES;
				CLANG_WARN_BLOCK_CAPTURE_AUTORELEASING = YES;
				CLANG_WARN_BOOL_CONVERSION = YES;
				CLANG_WARN_COMMA = YES;
				CLANG_WARN_CONSTANT_CONVERSION = YES;
				CLANG_WARN_DEPRECATED_OBJC_IMPLEMENTATIONS = YES;
				CLANG_WARN_DIRECT_OBJC_ISA_USAGE = YES_ERROR;
				CLANG_WARN_DOCUMENTATION_COMMENTS = YES;
				CLANG_WARN_EMPTY_BODY = YES;
				CLANG_WARN_ENUM_CONVERSION = YES;
				CLANG_WARN_INFINITE_RECURSION = YES;
				CLANG_WARN_INT_CONVERSION = YES;
				CLANG_WARN_NON_LITERAL_NULL_CONVERSION = YES;
				CLANG_WARN_OBJC_IMPLICIT_RETAIN_SELF = YES;
				CLANG_WARN_OBJC_LITERAL_CONVERSION = YES;
				CLANG_WARN_OBJC_ROOT_CLASS = YES_ERROR;
				CLANG_WARN_RANGE_LOOP_ANALYSIS = YES;
				CLANG_WARN_STRICT_PROTOTYPES = YES;
				CLANG_WARN_SUSPICIOUS_MOVE = YES;
				CLANG_WARN_UNGUARDED_AVAILABILITY = YES_AGGRESSIVE;
				CLANG_WARN_UNREACHABLE_CODE = YES;
				CLANG_WARN__DUPLICATE_METHOD_MATCH = YES;
				CODE_SIGN_IDENTITY = "-";
				COPY_PHASE_STRIP = NO;
				DEBUG_INFORMATION_FORMAT = "dwarf-with-dsym";
				ENABLE_NS_ASSERTIONS = NO;
				ENABLE_STRICT_OBJC_MSGSEND = YES;
				GCC_C_LANGUAGE_STANDARD = gnu11;
				GCC_NO_COMMON_BLOCKS = YES;
				GCC_WARN_64_TO_32_BIT_CONVERSION = YES;
				GCC_WARN_ABOUT_RETURN_TYPE = YES_ERROR;
				GCC_WARN_UNDECLARED_SELECTOR = YES;
				GCC_WARN_UNINITIALIZED_AUTOS = YES_AGGRESSIVE;
				GCC_WARN_UNUSED_FUNCTION = YES;
				GCC_WARN_UNUSED_VARIABLE = YES;
				MACOSX_DEPLOYMENT_TARGET = 10.13;
				MTL_ENABLE_DEBUG_INFO = NO;
				MTL_FAST_MATH = YES;
				SDKROOT = macosx;
			};
			name = Release;
		};
		F027AF562192A4EA004F71D1 /* Debug */ = {
			isa = XCBuildConfiguration;
			buildSettings = {
				CODE_SIGN_STYLE = Automatic;
				PRODUCT_NAME = "$(TARGET_NAME)";
			};
			name = Debug;
		};
		F027AF572192A4EA004F71D1 /* Release */ = {
			isa = XCBuildConfiguration;
			buildSettings = {
				CODE_SIGN_STYLE = Automatic;
				PRODUCT_NAME = "$(TARGET_NAME)";
			};
			name = Release;
		};
/* End XCBuildConfiguration section */

/* Begin XCConfigurationList section */
		F027AF492192A4EA004F71D1 /* Build configuration list for PBXProject "DatalogInterpreter" */ = {
			isa = XCConfigurationList;
			buildConfigurations = (
				F027AF532192A4EA004F71D1 /* Debug */,
				F027AF542192A4EA004F71D1 /* Release */,
			);
			defaultConfigurationIsVisible = 0;
			defaultConfigurationName = Release;
		};
		F027AF552192A4EA004F71D1 /* Build configuration list for PBXNativeTarget "DatalogInterpreter" */ = {
			isa = XCConfigurationList;
			buildConfigurations = (
				F027AF562192A4EA004F71D1 /* Debug */,
				F027AF572192A4EA004F71D1 /* Release */,
			);
			defaultConfigurationIsVisible = 0;
			defaultConfigurationName = Release;
		};
/* End XCConfigurationList section */
	};
	rootObject = F027AF462192A4EA004F71D1 /* Project object */;
}
