// !$*UTF8*$!
{
	archiveVersion = 1;
	classes = {
	};
	objectVersion = 50;
	objects = {

/* Begin PBXBuildFile section */
		F05A74BB21795B9B0014F39A /* main.cpp in Sources */ = {isa = PBXBuildFile; fileRef = F05A74BA21795B9B0014F39A /* main.cpp */; };
		F05A74C321795BBD0014F39A /* Scanner.cpp in Sources */ = {isa = PBXBuildFile; fileRef = F05A74C121795BBD0014F39A /* Scanner.cpp */; };
		F05A74C621795BE20014F39A /* DatalogProgram.cpp in Sources */ = {isa = PBXBuildFile; fileRef = F05A74C421795BE20014F39A /* DatalogProgram.cpp */; };
		F05A74C921795BF60014F39A /* Predicate.cpp in Sources */ = {isa = PBXBuildFile; fileRef = F05A74C721795BF60014F39A /* Predicate.cpp */; };
/* End PBXBuildFile section */

/* Begin PBXCopyFilesBuildPhase section */
		F05A74B521795B9B0014F39A /* CopyFiles */ = {
			isa = PBXCopyFilesBuildPhase;
			buildActionMask = 2147483647;
			dstPath = /usr/share/man/man1/;
			dstSubfolderSpec = 0;
			files = (
			);
			runOnlyForDeploymentPostprocessing = 1;
		};
/* End PBXCopyFilesBuildPhase section */

/* Begin PBXFileReference section */
		F05A74B721795B9B0014F39A /* RelationalDatabase */ = {isa = PBXFileReference; explicitFileType = "compiled.mach-o.executable"; includeInIndex = 0; path = RelationalDatabase; sourceTree = BUILT_PRODUCTS_DIR; };
		F05A74BA21795B9B0014F39A /* main.cpp */ = {isa = PBXFileReference; lastKnownFileType = sourcecode.cpp.cpp; path = main.cpp; sourceTree = "<group>"; };
		F05A74C121795BBD0014F39A /* Scanner.cpp */ = {isa = PBXFileReference; lastKnownFileType = sourcecode.cpp.cpp; path = Scanner.cpp; sourceTree = "<group>"; };
		F05A74C221795BBD0014F39A /* Scanner.h */ = {isa = PBXFileReference; lastKnownFileType = sourcecode.c.h; path = Scanner.h; sourceTree = "<group>"; };
		F05A74C421795BE20014F39A /* DatalogProgram.cpp */ = {isa = PBXFileReference; lastKnownFileType = sourcecode.cpp.cpp; path = DatalogProgram.cpp; sourceTree = "<group>"; };
		F05A74C521795BE20014F39A /* DatalogProgram.h */ = {isa = PBXFileReference; lastKnownFileType = sourcecode.c.h; path = DatalogProgram.h; sourceTree = "<group>"; };
		F05A74C721795BF60014F39A /* Predicate.cpp */ = {isa = PBXFileReference; lastKnownFileType = sourcecode.cpp.cpp; path = Predicate.cpp; sourceTree = "<group>"; };
		F05A74C821795BF60014F39A /* Predicate.h */ = {isa = PBXFileReference; lastKnownFileType = sourcecode.c.h; path = Predicate.h; sourceTree = "<group>"; };
		F05A74CA21795C090014F39A /* Rule.h */ = {isa = PBXFileReference; lastKnownFileType = sourcecode.c.h; path = Rule.h; sourceTree = "<group>"; };
		F05A74CB21795C110014F39A /* Token.h */ = {isa = PBXFileReference; lastKnownFileType = sourcecode.c.h; path = Token.h; sourceTree = "<group>"; };
		F05A74CC21795C190014F39A /* Parameter.h */ = {isa = PBXFileReference; lastKnownFileType = sourcecode.c.h; path = Parameter.h; sourceTree = "<group>"; };
		F05A74CD21795C200014F39A /* Expressions.h */ = {isa = PBXFileReference; lastKnownFileType = sourcecode.c.h; path = Expressions.h; sourceTree = "<group>"; };
		F05A74CE2179609A0014F39A /* Tuple.h */ = {isa = PBXFileReference; lastKnownFileType = sourcecode.c.h; path = Tuple.h; sourceTree = "<group>"; };
		F05A74CF2179613C0014F39A /* Header.h */ = {isa = PBXFileReference; lastKnownFileType = sourcecode.c.h; path = Header.h; sourceTree = "<group>"; };
		F05A74D0217961CC0014F39A /* Relation.h */ = {isa = PBXFileReference; lastKnownFileType = sourcecode.c.h; path = Relation.h; sourceTree = "<group>"; };
		F05A74D1217963460014F39A /* Database.h */ = {isa = PBXFileReference; lastKnownFileType = sourcecode.c.h; path = Database.h; sourceTree = "<group>"; };
		F05A74D22179644F0014F39A /* Interpreter.h */ = {isa = PBXFileReference; lastKnownFileType = sourcecode.c.h; path = Interpreter.h; sourceTree = "<group>"; };
		F05A74D32182B47C0014F39A /* Checker.h */ = {isa = PBXFileReference; lastKnownFileType = sourcecode.c.h; path = Checker.h; sourceTree = "<group>"; };
/* End PBXFileReference section */

/* Begin PBXFrameworksBuildPhase section */
		F05A74B421795B9B0014F39A /* Frameworks */ = {
			isa = PBXFrameworksBuildPhase;
			buildActionMask = 2147483647;
			files = (
			);
			runOnlyForDeploymentPostprocessing = 0;
		};
/* End PBXFrameworksBuildPhase section */

/* Begin PBXGroup section */
		F05A74AE21795B9B0014F39A = {
			isa = PBXGroup;
			children = (
				F05A74B921795B9B0014F39A /* RelationalDatabase */,
				F05A74B821795B9B0014F39A /* Products */,
			);
			sourceTree = "<group>";
		};
		F05A74B821795B9B0014F39A /* Products */ = {
			isa = PBXGroup;
			children = (
				F05A74B721795B9B0014F39A /* RelationalDatabase */,
			);
			name = Products;
			sourceTree = "<group>";
		};
		F05A74B921795B9B0014F39A /* RelationalDatabase */ = {
			isa = PBXGroup;
			children = (
				F05A74BA21795B9B0014F39A /* main.cpp */,
				F05A74C421795BE20014F39A /* DatalogProgram.cpp */,
				F05A74C521795BE20014F39A /* DatalogProgram.h */,
				F05A74C721795BF60014F39A /* Predicate.cpp */,
				F05A74C821795BF60014F39A /* Predicate.h */,
				F05A74D32182B47C0014F39A /* Checker.h */,
				F05A74CA21795C090014F39A /* Rule.h */,
				F05A74CB21795C110014F39A /* Token.h */,
				F05A74CC21795C190014F39A /* Parameter.h */,
				F05A74CE2179609A0014F39A /* Tuple.h */,
				F05A74CF2179613C0014F39A /* Header.h */,
				F05A74D1217963460014F39A /* Database.h */,
				F05A74D22179644F0014F39A /* Interpreter.h */,
				F05A74D0217961CC0014F39A /* Relation.h */,
				F05A74CD21795C200014F39A /* Expressions.h */,
				F05A74C121795BBD0014F39A /* Scanner.cpp */,
				F05A74C221795BBD0014F39A /* Scanner.h */,
			);
			path = RelationalDatabase;
			sourceTree = "<group>";
		};
/* End PBXGroup section */

/* Begin PBXNativeTarget section */
		F05A74B621795B9B0014F39A /* RelationalDatabase */ = {
			isa = PBXNativeTarget;
			buildConfigurationList = F05A74BE21795B9B0014F39A /* Build configuration list for PBXNativeTarget "RelationalDatabase" */;
			buildPhases = (
				F05A74B321795B9B0014F39A /* Sources */,
				F05A74B421795B9B0014F39A /* Frameworks */,
				F05A74B521795B9B0014F39A /* CopyFiles */,
			);
			buildRules = (
			);
			dependencies = (
			);
			name = RelationalDatabase;
			productName = RelationalDatabase;
			productReference = F05A74B721795B9B0014F39A /* RelationalDatabase */;
			productType = "com.apple.product-type.tool";
		};
/* End PBXNativeTarget section */

/* Begin PBXProject section */
		F05A74AF21795B9B0014F39A /* Project object */ = {
			isa = PBXProject;
			attributes = {
				LastUpgradeCheck = 1000;
				ORGANIZATIONNAME = "Ellie Van De Graaff";
				TargetAttributes = {
					F05A74B621795B9B0014F39A = {
						CreatedOnToolsVersion = 10.0;
					};
				};
			};
			buildConfigurationList = F05A74B221795B9B0014F39A /* Build configuration list for PBXProject "RelationalDatabase" */;
			compatibilityVersion = "Xcode 9.3";
			developmentRegion = en;
			hasScannedForEncodings = 0;
			knownRegions = (
				en,
			);
			mainGroup = F05A74AE21795B9B0014F39A;
			productRefGroup = F05A74B821795B9B0014F39A /* Products */;
			projectDirPath = "";
			projectRoot = "";
			targets = (
				F05A74B621795B9B0014F39A /* RelationalDatabase */,
			);
		};
/* End PBXProject section */

/* Begin PBXSourcesBuildPhase section */
		F05A74B321795B9B0014F39A /* Sources */ = {
			isa = PBXSourcesBuildPhase;
			buildActionMask = 2147483647;
			files = (
				F05A74C321795BBD0014F39A /* Scanner.cpp in Sources */,
				F05A74C621795BE20014F39A /* DatalogProgram.cpp in Sources */,
				F05A74BB21795B9B0014F39A /* main.cpp in Sources */,
				F05A74C921795BF60014F39A /* Predicate.cpp in Sources */,
			);
			runOnlyForDeploymentPostprocessing = 0;
		};
/* End PBXSourcesBuildPhase section */

/* Begin XCBuildConfiguration section */
		F05A74BC21795B9B0014F39A /* Debug */ = {
			isa = XCBuildConfiguration;
			buildSettings = {
				ALWAYS_SEARCH_USER_PATHS = NO;
				CLANG_ANALYZER_NONNULL = YES;
				CLANG_ANALYZER_NUMBER_OBJECT_CONVERSION = YES_AGGRESSIVE;
				CLANG_CXX_LANGUAGE_STANDARD = "gnu++14";
				CLANG_CXX_LIBRARY = "libc++";
				CLANG_ENABLE_MODULES = YES;
				CLANG_ENABLE_OBJC_ARC = YES;
				CLANG_ENABLE_OBJC_WEAK = YES;
				CLANG_WARN_BLOCK_CAPTURE_AUTORELEASING = YES;
				CLANG_WARN_BOOL_CONVERSION = YES;
				CLANG_WARN_COMMA = YES;
				CLANG_WARN_CONSTANT_CONVERSION = YES;
				CLANG_WARN_DEPRECATED_OBJC_IMPLEMENTATIONS = YES;
				CLANG_WARN_DIRECT_OBJC_ISA_USAGE = YES_ERROR;
				CLANG_WARN_DOCUMENTATION_COMMENTS = YES;
				CLANG_WARN_EMPTY_BODY = YES;
				CLANG_WARN_ENUM_CONVERSION = YES;
				CLANG_WARN_INFINITE_RECURSION = YES;
				CLANG_WARN_INT_CONVERSION = YES;
				CLANG_WARN_NON_LITERAL_NULL_CONVERSION = YES;
				CLANG_WARN_OBJC_IMPLICIT_RETAIN_SELF = YES;
				CLANG_WARN_OBJC_LITERAL_CONVERSION = YES;
				CLANG_WARN_OBJC_ROOT_CLASS = YES_ERROR;
				CLANG_WARN_RANGE_LOOP_ANALYSIS = YES;
				CLANG_WARN_STRICT_PROTOTYPES = YES;
				CLANG_WARN_SUSPICIOUS_MOVE = YES;
				CLANG_WARN_UNGUARDED_AVAILABILITY = YES_AGGRESSIVE;
				CLANG_WARN_UNREACHABLE_CODE = YES;
				CLANG_WARN__DUPLICATE_METHOD_MATCH = YES;
				CODE_SIGN_IDENTITY = "-";
				COPY_PHASE_STRIP = NO;
				DEBUG_INFORMATION_FORMAT = dwarf;
				ENABLE_STRICT_OBJC_MSGSEND = YES;
				ENABLE_TESTABILITY = YES;
				GCC_C_LANGUAGE_STANDARD = gnu11;
				GCC_DYNAMIC_NO_PIC = NO;
				GCC_NO_COMMON_BLOCKS = YES;
				GCC_OPTIMIZATION_LEVEL = 0;
				GCC_PREPROCESSOR_DEFINITIONS = (
					"DEBUG=1",
					"$(inherited)",
				);
				GCC_WARN_64_TO_32_BIT_CONVERSION = YES;
				GCC_WARN_ABOUT_RETURN_TYPE = YES_ERROR;
				GCC_WARN_UNDECLARED_SELECTOR = YES;
				GCC_WARN_UNINITIALIZED_AUTOS = YES_AGGRESSIVE;
				GCC_WARN_UNUSED_FUNCTION = YES;
				GCC_WARN_UNUSED_VARIABLE = YES;
				MACOSX_DEPLOYMENT_TARGET = 10.13;
				MTL_ENABLE_DEBUG_INFO = INCLUDE_SOURCE;
				MTL_FAST_MATH = YES;
				ONLY_ACTIVE_ARCH = YES;
				SDKROOT = macosx;
			};
			name = Debug;
		};
		F05A74BD21795B9B0014F39A /* Release */ = {
			isa = XCBuildConfiguration;
			buildSettings = {
				ALWAYS_SEARCH_USER_PATHS = NO;
				CLANG_ANALYZER_NONNULL = YES;
				CLANG_ANALYZER_NUMBER_OBJECT_CONVERSION = YES_AGGRESSIVE;
				CLANG_CXX_LANGUAGE_STANDARD = "gnu++14";
				CLANG_CXX_LIBRARY = "libc++";
				CLANG_ENABLE_MODULES = YES;
				CLANG_ENABLE_OBJC_ARC = YES;
				CLANG_ENABLE_OBJC_WEAK = YES;
				CLANG_WARN_BLOCK_CAPTURE_AUTORELEASING = YES;
				CLANG_WARN_BOOL_CONVERSION = YES;
				CLANG_WARN_COMMA = YES;
				CLANG_WARN_CONSTANT_CONVERSION = YES;
				CLANG_WARN_DEPRECATED_OBJC_IMPLEMENTATIONS = YES;
				CLANG_WARN_DIRECT_OBJC_ISA_USAGE = YES_ERROR;
				CLANG_WARN_DOCUMENTATION_COMMENTS = YES;
				CLANG_WARN_EMPTY_BODY = YES;
				CLANG_WARN_ENUM_CONVERSION = YES;
				CLANG_WARN_INFINITE_RECURSION = YES;
				CLANG_WARN_INT_CONVERSION = YES;
				CLANG_WARN_NON_LITERAL_NULL_CONVERSION = YES;
				CLANG_WARN_OBJC_IMPLICIT_RETAIN_SELF = YES;
				CLANG_WARN_OBJC_LITERAL_CONVERSION = YES;
				CLANG_WARN_OBJC_ROOT_CLASS = YES_ERROR;
				CLANG_WARN_RANGE_LOOP_ANALYSIS = YES;
				CLANG_WARN_STRICT_PROTOTYPES = YES;
				CLANG_WARN_SUSPICIOUS_MOVE = YES;
				CLANG_WARN_UNGUARDED_AVAILABILITY = YES_AGGRESSIVE;
				CLANG_WARN_UNREACHABLE_CODE = YES;
				CLANG_WARN__DUPLICATE_METHOD_MATCH = YES;
				CODE_SIGN_IDENTITY = "-";
				COPY_PHASE_STRIP = NO;
				DEBUG_INFORMATION_FORMAT = "dwarf-with-dsym";
				ENABLE_NS_ASSERTIONS = NO;
				ENABLE_STRICT_OBJC_MSGSEND = YES;
				GCC_C_LANGUAGE_STANDARD = gnu11;
				GCC_NO_COMMON_BLOCKS = YES;
				GCC_WARN_64_TO_32_BIT_CONVERSION = YES;
				GCC_WARN_ABOUT_RETURN_TYPE = YES_ERROR;
				GCC_WARN_UNDECLARED_SELECTOR = YES;
				GCC_WARN_UNINITIALIZED_AUTOS = YES_AGGRESSIVE;
				GCC_WARN_UNUSED_FUNCTION = YES;
				GCC_WARN_UNUSED_VARIABLE = YES;
				MACOSX_DEPLOYMENT_TARGET = 10.13;
				MTL_ENABLE_DEBUG_INFO = NO;
				MTL_FAST_MATH = YES;
				SDKROOT = macosx;
			};
			name = Release;
		};
		F05A74BF21795B9B0014F39A /* Debug */ = {
			isa = XCBuildConfiguration;
			buildSettings = {
				CODE_SIGN_STYLE = Automatic;
				PRODUCT_NAME = "$(TARGET_NAME)";
			};
			name = Debug;
		};
		F05A74C021795B9B0014F39A /* Release */ = {
			isa = XCBuildConfiguration;
			buildSettings = {
				CODE_SIGN_STYLE = Automatic;
				PRODUCT_NAME = "$(TARGET_NAME)";
			};
			name = Release;
		};
/* End XCBuildConfiguration section */

/* Begin XCConfigurationList section */
		F05A74B221795B9B0014F39A /* Build configuration list for PBXProject "RelationalDatabase" */ = {
			isa = XCConfigurationList;
			buildConfigurations = (
				F05A74BC21795B9B0014F39A /* Debug */,
				F05A74BD21795B9B0014F39A /* Release */,
			);
			defaultConfigurationIsVisible = 0;
			defaultConfigurationName = Release;
		};
		F05A74BE21795B9B0014F39A /* Build configuration list for PBXNativeTarget "RelationalDatabase" */ = {
			isa = XCConfigurationList;
			buildConfigurations = (
				F05A74BF21795B9B0014F39A /* Debug */,
				F05A74C021795B9B0014F39A /* Release */,
			);
			defaultConfigurationIsVisible = 0;
			defaultConfigurationName = Release;
		};
/* End XCConfigurationList section */
	};
	rootObject = F05A74AF21795B9B0014F39A /* Project object */;
}
